{
  "name": "dwytpl",
  "version": "1.0.0",
  "lockfileVersion": 1,
  "requires": true,
  "dependencies": {
    "axios": {
      "version": "0.18.0",
      "resolved": "http://registry.npmjs.org/axios/-/axios-0.18.0.tgz",
      "integrity": "sha1-MtU+SFHv3AoRmTts0AB4nXDAUQI=",
      "requires": {
        "follow-redirects": "^1.3.0",
        "is-buffer": "^1.1.5"
      }
    },
    "bs-better-stream": {
      "version": "1.8.0",
      "resolved": "https://registry.npmjs.org/bs-better-stream/-/bs-better-stream-1.8.0.tgz",
      "integrity": "sha512-/G29RorGOKxnzaok73+GrdDhfSHb3HFHMp6Cgbp3X5aIUIyAQ6rgWK3ZdrnZAO32LMylmAz7PwwjtICMwctcOA=="
    },
    "debug": {
      "version": "3.1.0",
      "resolved": "https://registry.npmjs.org/debug/-/debug-3.1.0.tgz",
      "integrity": "sha512-OX8XqP7/1a9cqkxYw2yXss15f26NKWBpDXQd0/uK/KPqdQhxbPa994hnzjcE2VqQpDslf55723cKPUOGSmMY3g==",
      "requires": {
        "ms": "2.0.0"
      }
    },
    "file-walk-stream": {
      "version": "1.4.0",
      "resolved": "https://registry.npmjs.org/file-walk-stream/-/file-walk-stream-1.4.0.tgz",
      "integrity": "sha512-s0WpoUuQqyzvaYDoyWmVBnpYWtS1M7AGPqxg9VyqnE1ryMs6Pd/++0BZa587+NvO3VEfvn+Vv5aJzsNm2va6eA==",
      "requires": {
        "bs-better-stream": "^1.0.0"
      }
    },
    "follow-redirects": {
      "version": "1.5.8",
      "resolved": "https://registry.npmjs.org/follow-redirects/-/follow-redirects-1.5.8.tgz",
      "integrity": "sha512-sy1mXPmv7kLAMKW/8XofG7o9T+6gAjzdZK4AJF6ryqQYUa/hnzgiypoeUecZ53x7XiqKNEpNqLtS97MshW2nxg==",
      "requires": {
        "debug": "=3.1.0"
      }
    },
    "html-entities": {
      "version": "1.2.1",
      "resolved": "https://registry.npmjs.org/html-entities/-/html-entities-1.2.1.tgz",
      "integrity": "sha1-DfKTUfByEWNRXfueVUPl9u7VFi8="
    },
    "is-buffer": {
      "version": "1.1.6",
      "resolved": "https://registry.npmjs.org/is-buffer/-/is-buffer-1.1.6.tgz",
      "integrity": "sha512-NcdALwpXkTm5Zvvbk7owOUSvVvBKDgKP5/ewfXEznmQFfs4ZRmanOeKBTjRVjka3QFoN6XJ+9F3USqfHqTaU5w=="
    },
    "m3u8stream": {
      "version": "0.4.1",
      "resolved": "https://registry.npmjs.org/m3u8stream/-/m3u8stream-0.4.1.tgz",
      "integrity": "sha512-RxqZWkxZWZqJZ8DQgWfyg6OKtqND0P6YyARpsb8VyUUtKeJvWB2oIzn4I7xXr0kBuppBP3k4gmeSDKER6RGgiw==",
      "requires": {
        "miniget": "^1.4.0",
        "sax": "^1.2.4"
      }
    },
    "miniget": {
      "version": "1.5.0",
      "resolved": "https://registry.npmjs.org/miniget/-/miniget-1.5.0.tgz",
      "integrity": "sha512-RbRCj2m8Q/arS1nExuMB8qO4QavCpvfetQR+HVCeHGiFJGOryPn8u0z4WrIx9AAIDYFDVcFhQsRYvSY+UA5HJQ=="
    },
    "ms": {
      "version": "2.0.0",
      "resolved": "https://registry.npmjs.org/ms/-/ms-2.0.0.tgz",
      "integrity": "sha1-VgiurfwAvmwpAd9fmGF4jeDVl8g="
    },
    "sax": {
      "version": "1.2.4",
      "resolved": "https://registry.npmjs.org/sax/-/sax-1.2.4.tgz",
      "integrity": "sha512-NqVDv9TpANUjFm0N8uM5GxL36UgKi9/atZw+x7YFnQ8ckwFGKrl4xX4yWtrey3UJm5nP1kUbnYgLopqWNSRhWw=="
    },
    "ytdl-core": {
      "version": "0.25.2",
      "resolved": "https://registry.npmjs.org/ytdl-core/-/ytdl-core-0.25.2.tgz",
      "integrity": "sha512-/iBcw6SQ2jH3jyCdMy8lhRGo9ZY7ufhgVv9DEO1Zyvw6wadWolrcEc0qJ54k0Yin1IehU8NjL2Psnx9e6/F/zA==",
      "requires": {
        "html-entities": "^1.1.3",
        "m3u8stream": "^0.4.0",
        "miniget": "^1.4.0",
        "sax": "^1.1.3"
      }
    }
  }
}
